
Microsoft Visual Studio Solution File, Format Version 12.00
# Visual Studio Version 17
VisualStudioVersion = 17.7.34024.191
MinimumVisualStudioVersion = 10.0.40219.1
Project("{9A19103F-16F7-4668-BE54-9A1E7A4F7556}") = "PRIII-24-ESCUELA-PROGRAMACION-API", "PRIII-24-ESCUELA-PROGRAMACION-API\PRIII-24-ESCUELA-PROGRAMACION-API.csproj", "{625B13BF-23BB-4EA2-AC08-83F3E8C6C63A}"
EndProject
Global
	GlobalSection(SolutionConfigurationPlatforms) = preSolution
		Debug|Any CPU = Debug|Any CPU
		Release|Any CPU = Release|Any CPU
	EndGlobalSection
	GlobalSection(ProjectConfigurationPlatforms) = postSolution
		{625B13BF-23BB-4EA2-AC08-83F3E8C6C63A}.Debug|Any CPU.ActiveCfg = Debug|Any CPU
		{625B13BF-23BB-4EA2-AC08-83F3E8C6C63A}.Debug|Any CPU.Build.0 = Debug|Any CPU
		{625B13BF-23BB-4EA2-AC08-83F3E8C6C63A}.Release|Any CPU.ActiveCfg = Release|Any CPU
		{625B13BF-23BB-4EA2-AC08-83F3E8C6C63A}.Release|Any CPU.Build.0 = Release|Any CPU
	EndGlobalSection
	GlobalSection(SolutionProperties) = preSolution
		HideSolutionNode = FALSE
	EndGlobalSection
	GlobalSection(ExtensibilityGlobals) = postSolution
		SolutionGuid = {A7CA86B6-877F-46C5-A172-4C8293C6A8A3}
	EndGlobalSection
EndGlobal
